
Microsoft Visual Studio Solution File, Format Version 12.00
# Visual Studio 14
VisualStudioVersion = 14.0.25420.1
MinimumVisualStudioVersion = 10.0.40219.1
Project("{8BC9CEB8-8B4A-11D0-8D11-00A0C91BC942}") = "CMD_Client", "Client\Process_Test.vcxproj", "{32F7D663-3B96-4C9B-9510-94F9D8531B79}"
	ProjectSection(ProjectDependencies) = postProject
		{45CC0F88-8559-46E9-9E2A-1D5477904462} = {45CC0F88-8559-46E9-9E2A-1D5477904462}
	EndProjectSection
EndProject
Project("{8BC9CEB8-8B4A-11D0-8D11-00A0C91BC942}") = "QT_Server", "Service\QTGUI_Test.vcxproj", "{B12702AD-ABFB-343A-A199-8E24837244A3}"
	ProjectSection(ProjectDependencies) = postProject
		{45CC0F88-8559-46E9-9E2A-1D5477904462} = {45CC0F88-8559-46E9-9E2A-1D5477904462}
	EndProjectSection
EndProject
Project("{8BC9CEB8-8B4A-11D0-8D11-00A0C91BC942}") = "CommonBase", "CommonBase\CommonBase.vcxproj", "{45CC0F88-8559-46E9-9E2A-1D5477904462}"
EndProject
Project("{8BC9CEB8-8B4A-11D0-8D11-00A0C91BC942}") = "AdaptiveLayout", "AdaptiveLayout\AdaptiveLayout.vcxproj", "{7D09FD55-6FD7-43B6-AFA6-F4440305EFAB}"
EndProject
Global
	GlobalSection(SolutionConfigurationPlatforms) = preSolution
		Debug|ARM = Debug|ARM
		Debug|x64 = Debug|x64
		Debug|x86 = Debug|x86
		Release|ARM = Release|ARM
		Release|x64 = Release|x64
		Release|x86 = Release|x86
	EndGlobalSection
	GlobalSection(ProjectConfigurationPlatforms) = postSolution
		{32F7D663-3B96-4C9B-9510-94F9D8531B79}.Debug|ARM.ActiveCfg = Debug|Win32
		{32F7D663-3B96-4C9B-9510-94F9D8531B79}.Debug|x64.ActiveCfg = Debug|x64
		{32F7D663-3B96-4C9B-9510-94F9D8531B79}.Debug|x64.Build.0 = Debug|x64
		{32F7D663-3B96-4C9B-9510-94F9D8531B79}.Debug|x86.ActiveCfg = Debug|Win32
		{32F7D663-3B96-4C9B-9510-94F9D8531B79}.Debug|x86.Build.0 = Debug|Win32
		{32F7D663-3B96-4C9B-9510-94F9D8531B79}.Release|ARM.ActiveCfg = Release|Win32
		{32F7D663-3B96-4C9B-9510-94F9D8531B79}.Release|x64.ActiveCfg = Release|x64
		{32F7D663-3B96-4C9B-9510-94F9D8531B79}.Release|x64.Build.0 = Release|x64
		{32F7D663-3B96-4C9B-9510-94F9D8531B79}.Release|x86.ActiveCfg = Release|Win32
		{32F7D663-3B96-4C9B-9510-94F9D8531B79}.Release|x86.Build.0 = Release|Win32
		{B12702AD-ABFB-343A-A199-8E24837244A3}.Debug|ARM.ActiveCfg = Debug|Win32
		{B12702AD-ABFB-343A-A199-8E24837244A3}.Debug|x64.ActiveCfg = Debug|Win32
		{B12702AD-ABFB-343A-A199-8E24837244A3}.Debug|x86.ActiveCfg = Debug|Win32
		{B12702AD-ABFB-343A-A199-8E24837244A3}.Debug|x86.Build.0 = Debug|Win32
		{B12702AD-ABFB-343A-A199-8E24837244A3}.Release|ARM.ActiveCfg = Release|Win32
		{B12702AD-ABFB-343A-A199-8E24837244A3}.Release|x64.ActiveCfg = Release|Win32
		{B12702AD-ABFB-343A-A199-8E24837244A3}.Release|x86.ActiveCfg = Release|Win32
		{B12702AD-ABFB-343A-A199-8E24837244A3}.Release|x86.Build.0 = Release|Win32
		{45CC0F88-8559-46E9-9E2A-1D5477904462}.Debug|ARM.ActiveCfg = Debug|Win32
		{45CC0F88-8559-46E9-9E2A-1D5477904462}.Debug|x64.ActiveCfg = Debug|x64
		{45CC0F88-8559-46E9-9E2A-1D5477904462}.Debug|x64.Build.0 = Debug|x64
		{45CC0F88-8559-46E9-9E2A-1D5477904462}.Debug|x86.ActiveCfg = Debug|Win32
		{45CC0F88-8559-46E9-9E2A-1D5477904462}.Debug|x86.Build.0 = Debug|Win32
		{45CC0F88-8559-46E9-9E2A-1D5477904462}.Release|ARM.ActiveCfg = Release|Win32
		{45CC0F88-8559-46E9-9E2A-1D5477904462}.Release|x64.ActiveCfg = Release|x64
		{45CC0F88-8559-46E9-9E2A-1D5477904462}.Release|x64.Build.0 = Release|x64
		{45CC0F88-8559-46E9-9E2A-1D5477904462}.Release|x86.ActiveCfg = Release|Win32
		{45CC0F88-8559-46E9-9E2A-1D5477904462}.Release|x86.Build.0 = Release|Win32
		{7D09FD55-6FD7-43B6-AFA6-F4440305EFAB}.Debug|ARM.ActiveCfg = Debug|Win32
		{7D09FD55-6FD7-43B6-AFA6-F4440305EFAB}.Debug|x64.ActiveCfg = Debug|Win32
		{7D09FD55-6FD7-43B6-AFA6-F4440305EFAB}.Debug|x86.ActiveCfg = Debug|Win32
		{7D09FD55-6FD7-43B6-AFA6-F4440305EFAB}.Debug|x86.Build.0 = Debug|Win32
		{7D09FD55-6FD7-43B6-AFA6-F4440305EFAB}.Release|ARM.ActiveCfg = Release|Win32
		{7D09FD55-6FD7-43B6-AFA6-F4440305EFAB}.Release|x64.ActiveCfg = Release|Win32
		{7D09FD55-6FD7-43B6-AFA6-F4440305EFAB}.Release|x86.ActiveCfg = Release|Win32
		{7D09FD55-6FD7-43B6-AFA6-F4440305EFAB}.Release|x86.Build.0 = Release|Win32
	EndGlobalSection
	GlobalSection(SolutionProperties) = preSolution
		HideSolutionNode = FALSE
	EndGlobalSection
EndGlobal
